
Microsoft Visual Studio Solution File, Format Version 12.00
# Visual Studio Version 16
VisualStudioVersion = 16.0.29025.244
MinimumVisualStudioVersion = 10.0.40219.1
Project("{FAE04EC0-301F-11D3-BF4B-00C04F79EFBC}") = "MyShop.Core", "MyShop.Core\MyShop.Core.csproj", "{B451B92B-9A3D-440B-B257-E485ACFCFFBF}"
EndProject
Project("{FAE04EC0-301F-11D3-BF4B-00C04F79EFBC}") = "MyShop.Services", "MyShop.Services\MyShop.Services.csproj", "{B4E384A8-3E1C-4296-A299-ADEBA80FD2D6}"
EndProject
Project("{FAE04EC0-301F-11D3-BF4B-00C04F79EFBC}") = "MyShop.DataAccess.SQL", "MyShop.DataAccess.SQL\MyShop.DataAccess.SQL.csproj", "{77F9F754-C530-4060-9F71-FC2E4515FF32}"
EndProject
Project("{FAE04EC0-301F-11D3-BF4B-00C04F79EFBC}") = "MyShop.DataAccess.InMemory", "MyShop.DataAccess.InMemory\MyShop.DataAccess.InMemory.csproj", "{4A423F70-1091-491F-82FA-742BA9AE7456}"
EndProject
Project("{FAE04EC0-301F-11D3-BF4B-00C04F79EFBC}") = "MyShop.WebUI", "MyShop.WebUI\MyShop.WebUI.csproj", "{A3C1FC4B-E15F-47F9-A6B4-CE5B5DFF65B8}"
EndProject
Project("{FAE04EC0-301F-11D3-BF4B-00C04F79EFBC}") = "MyShop.WebUI.Tests", "MyShop.WebUI.Tests\MyShop.WebUI.Tests.csproj", "{02ECBB76-C808-4407-9392-33716150CCF3}"
EndProject
Global
	GlobalSection(SolutionConfigurationPlatforms) = preSolution
		Debug|Any CPU = Debug|Any CPU
		Release|Any CPU = Release|Any CPU
	EndGlobalSection
	GlobalSection(ProjectConfigurationPlatforms) = postSolution
		{B451B92B-9A3D-440B-B257-E485ACFCFFBF}.Debug|Any CPU.ActiveCfg = Debug|Any CPU
		{B451B92B-9A3D-440B-B257-E485ACFCFFBF}.Debug|Any CPU.Build.0 = Debug|Any CPU
		{B451B92B-9A3D-440B-B257-E485ACFCFFBF}.Release|Any CPU.ActiveCfg = Release|Any CPU
		{B451B92B-9A3D-440B-B257-E485ACFCFFBF}.Release|Any CPU.Build.0 = Release|Any CPU
		{B4E384A8-3E1C-4296-A299-ADEBA80FD2D6}.Debug|Any CPU.ActiveCfg = Debug|Any CPU
		{B4E384A8-3E1C-4296-A299-ADEBA80FD2D6}.Debug|Any CPU.Build.0 = Debug|Any CPU
		{B4E384A8-3E1C-4296-A299-ADEBA80FD2D6}.Release|Any CPU.ActiveCfg = Release|Any CPU
		{B4E384A8-3E1C-4296-A299-ADEBA80FD2D6}.Release|Any CPU.Build.0 = Release|Any CPU
		{77F9F754-C530-4060-9F71-FC2E4515FF32}.Debug|Any CPU.ActiveCfg = Debug|Any CPU
		{77F9F754-C530-4060-9F71-FC2E4515FF32}.Debug|Any CPU.Build.0 = Debug|Any CPU
		{77F9F754-C530-4060-9F71-FC2E4515FF32}.Release|Any CPU.ActiveCfg = Release|Any CPU
		{77F9F754-C530-4060-9F71-FC2E4515FF32}.Release|Any CPU.Build.0 = Release|Any CPU
		{4A423F70-1091-491F-82FA-742BA9AE7456}.Debug|Any CPU.ActiveCfg = Debug|Any CPU
		{4A423F70-1091-491F-82FA-742BA9AE7456}.Debug|Any CPU.Build.0 = Debug|Any CPU
		{4A423F70-1091-491F-82FA-742BA9AE7456}.Release|Any CPU.ActiveCfg = Release|Any CPU
		{4A423F70-1091-491F-82FA-742BA9AE7456}.Release|Any CPU.Build.0 = Release|Any CPU
		{A3C1FC4B-E15F-47F9-A6B4-CE5B5DFF65B8}.Debug|Any CPU.ActiveCfg = Debug|Any CPU
		{A3C1FC4B-E15F-47F9-A6B4-CE5B5DFF65B8}.Debug|Any CPU.Build.0 = Debug|Any CPU
		{A3C1FC4B-E15F-47F9-A6B4-CE5B5DFF65B8}.Release|Any CPU.ActiveCfg = Release|Any CPU
		{A3C1FC4B-E15F-47F9-A6B4-CE5B5DFF65B8}.Release|Any CPU.Build.0 = Release|Any CPU
		{02ECBB76-C808-4407-9392-33716150CCF3}.Debug|Any CPU.ActiveCfg = Debug|Any CPU
		{02ECBB76-C808-4407-9392-33716150CCF3}.Debug|Any CPU.Build.0 = Debug|Any CPU
		{02ECBB76-C808-4407-9392-33716150CCF3}.Release|Any CPU.ActiveCfg = Release|Any CPU
		{02ECBB76-C808-4407-9392-33716150CCF3}.Release|Any CPU.Build.0 = Release|Any CPU
	EndGlobalSection
	GlobalSection(SolutionProperties) = preSolution
		HideSolutionNode = FALSE
	EndGlobalSection
	GlobalSection(ExtensibilityGlobals) = postSolution
		SolutionGuid = {6E09692A-4A45-4838-B796-C470715ECB51}
	EndGlobalSection
EndGlobal
